
Microsoft Visual Studio Solution File, Format Version 12.00
# Visual Studio Version 16
VisualStudioVersion = 16.0.31105.61
MinimumVisualStudioVersion = 10.0.40219.1
Project("{FAE04EC0-301F-11D3-BF4B-00C04F79EFBC}") = "HospitalWebApi", "HospitalWebApi\HospitalWebApi.csproj", "{8395A687-D7EC-4726-9553-C5D05066CC72}"
EndProject
Global
	GlobalSection(SolutionConfigurationPlatforms) = preSolution
		Debug|Any CPU = Debug|Any CPU
		Release|Any CPU = Release|Any CPU
	EndGlobalSection
	GlobalSection(ProjectConfigurationPlatforms) = postSolution
		{8395A687-D7EC-4726-9553-C5D05066CC72}.Debug|Any CPU.ActiveCfg = Debug|Any CPU
		{8395A687-D7EC-4726-9553-C5D05066CC72}.Debug|Any CPU.Build.0 = Debug|Any CPU
		{8395A687-D7EC-4726-9553-C5D05066CC72}.Release|Any CPU.ActiveCfg = Release|Any CPU
		{8395A687-D7EC-4726-9553-C5D05066CC72}.Release|Any CPU.Build.0 = Release|Any CPU
	EndGlobalSection
	GlobalSection(SolutionProperties) = preSolution
		HideSolutionNode = FALSE
	EndGlobalSection
	GlobalSection(ExtensibilityGlobals) = postSolution
		SolutionGuid = {252BA30B-BB10-4F38-9F82-EF8C0A4A4830}
	EndGlobalSection
EndGlobal
